dependencies:
  espressif/mqtt:
    component_hash: ffdad5659706b4dc14bc63f8eb73ef765efa015bf7e9adf71c813d52a2dc9342
    dependencies:
    - name: idf
      require: private
      version: '>=5.3'
    source:
      registry_url: https://components.espressif.com/
      type: service
    version: 1.0.0
  idf:
    source:
      type: idf
    version: 6.0.1
direct_dependencies:
- espressif/mqtt
manifest_hash: a43680e87670f7b9031ffb8d22f531b2e9b0f68d18c59965476575b386b4471e
target: esp32
version: 2.0.0
