dependencies:
  espressif/usb_host_cdc_acm:
    component_hash: 0ca1a47f3b568ad539f2db7938aaa2a64f3017bd50a5ee9b410d2f9d7425ecef
    source:
      service_url: https://api.components.espressif.com/
      type: service
    version: 2.1.1
  idf:
    component_hash: null
    source:
      type: idf
    version: 4.4.7
manifest_hash: 32c8b2ffbdb6ef45efc3f2fea9bc52acd7354070a2fec1aefa0bb9846d73dad5
target: esp32s3
version: 1.0.0
