lockfileVersion: '9.0'

settings:
  autoInstallPeers: true
  excludeLinksFromLockfile: false

importers:

  .:
    dependencies:
      esptool-js:
        specifier: ^0.6.0
        version: 0.6.0

packages:

  atob-lite@2.0.0:
    resolution: {integrity: sha512-LEeSAWeh2Gfa2FtlQE1shxQ8zi5F9GHarrGKz08TMdODD5T4eH6BMsvtnhbWZ+XQn+Gb6om/917ucvRu7l7ukw==}

  esptool-js@0.6.0:
    resolution: {integrity: sha512-ZyuSBXvmS+4DRKM6GrDHfCscnq3YSNlRfM+Zw0DoS7uC3SdkyC262s/ji4MjDYVmMH8SE2BiYx3/dZ1J23Xiew==}

  pako@2.2.0:
    resolution: {integrity: sha512-zJq6RP/5q+TO2OpFV3FHzlPnFjmkb7Nc99a5SNjJE+uu/PkpChs+NIZSSzbBoD+6kjiISXjfYdwj1ZRQ81dz/w==}

  tslib@2.8.1:
    resolution: {integrity: sha512-oJFu94HQb+KVduSUQL7wnpmqnfmLsOA/nAh6b6EH0wCEoK0/mPeXU6c3wKDV83MkOuHPRHtSXKKU99IBazS/2w==}

snapshots:

  atob-lite@2.0.0: {}

  esptool-js@0.6.0:
    dependencies:
      atob-lite: 2.0.0
      pako: 2.2.0
      tslib: 2.8.1

  pako@2.2.0: {}

  tslib@2.8.1: {}
